
Microsoft Visual Studio Solution File, Format Version 12.00
# Visual Studio Version 17
VisualStudioVersion = 17.4.33103.184
MinimumVisualStudioVersion = 10.0.40219.1
Project("{9092AA53-FB77-4645-B42D-1CCCA6BD08BD}") = "online-book-review", "online-book-review\online-book-review.njsproj", "{1E0D4683-0A2C-41CE-969F-3D6AC06DD997}"
EndProject
Global
	GlobalSection(SolutionConfigurationPlatforms) = preSolution
		Debug|Any CPU = Debug|Any CPU
		Release|Any CPU = Release|Any CPU
	EndGlobalSection
	GlobalSection(ProjectConfigurationPlatforms) = postSolution
		{1E0D4683-0A2C-41CE-969F-3D6AC06DD997}.Debug|Any CPU.ActiveCfg = Debug|Any CPU
		{1E0D4683-0A2C-41CE-969F-3D6AC06DD997}.Debug|Any CPU.Build.0 = Debug|Any CPU
		{1E0D4683-0A2C-41CE-969F-3D6AC06DD997}.Release|Any CPU.ActiveCfg = Release|Any CPU
		{1E0D4683-0A2C-41CE-969F-3D6AC06DD997}.Release|Any CPU.Build.0 = Release|Any CPU
	EndGlobalSection
	GlobalSection(SolutionProperties) = preSolution
		HideSolutionNode = FALSE
	EndGlobalSection
	GlobalSection(ExtensibilityGlobals) = postSolution
		SolutionGuid = {BE8995D4-7F11-436B-8F37-EC3CE91D60BB}
	EndGlobalSection
EndGlobal
